
Microsoft Visual Studio Solution File, Format Version 12.00
# Visual Studio Version 17
VisualStudioVersion = 17.4.33213.308
MinimumVisualStudioVersion = 10.0.40219.1
Project("{9A19103F-16F7-4668-BE54-9A1E7A4F7556}") = "SAP.Web", "SAP.Web\SAP.Web.csproj", "{2766B9A5-F1C2-428A-B5DD-AB52CD8981AB}"
EndProject
Project("{9A19103F-16F7-4668-BE54-9A1E7A4F7556}") = "SAP.Models", "SAP.Models\SAP.Models.csproj", "{7D39272C-A6C9-40E7-B595-73CF82A30D08}"
EndProject
Project("{9A19103F-16F7-4668-BE54-9A1E7A4F7556}") = "SAP.Data", "SAP.Data\SAP.Data.csproj", "{65EB5A7A-0D8E-4C0F-A85B-0B90A5AC03F9}"
EndProject
Global
	GlobalSection(SolutionConfigurationPlatforms) = preSolution
		Debug|Any CPU = Debug|Any CPU
		Release|Any CPU = Release|Any CPU
	EndGlobalSection
	GlobalSection(ProjectConfigurationPlatforms) = postSolution
		{2766B9A5-F1C2-428A-B5DD-AB52CD8981AB}.Debug|Any CPU.ActiveCfg = Debug|Any CPU
		{2766B9A5-F1C2-428A-B5DD-AB52CD8981AB}.Debug|Any CPU.Build.0 = Debug|Any CPU
		{2766B9A5-F1C2-428A-B5DD-AB52CD8981AB}.Release|Any CPU.ActiveCfg = Release|Any CPU
		{2766B9A5-F1C2-428A-B5DD-AB52CD8981AB}.Release|Any CPU.Build.0 = Release|Any CPU
		{7D39272C-A6C9-40E7-B595-73CF82A30D08}.Debug|Any CPU.ActiveCfg = Debug|Any CPU
		{7D39272C-A6C9-40E7-B595-73CF82A30D08}.Debug|Any CPU.Build.0 = Debug|Any CPU
		{7D39272C-A6C9-40E7-B595-73CF82A30D08}.Release|Any CPU.ActiveCfg = Release|Any CPU
		{7D39272C-A6C9-40E7-B595-73CF82A30D08}.Release|Any CPU.Build.0 = Release|Any CPU
		{65EB5A7A-0D8E-4C0F-A85B-0B90A5AC03F9}.Debug|Any CPU.ActiveCfg = Debug|Any CPU
		{65EB5A7A-0D8E-4C0F-A85B-0B90A5AC03F9}.Debug|Any CPU.Build.0 = Debug|Any CPU
		{65EB5A7A-0D8E-4C0F-A85B-0B90A5AC03F9}.Release|Any CPU.ActiveCfg = Release|Any CPU
		{65EB5A7A-0D8E-4C0F-A85B-0B90A5AC03F9}.Release|Any CPU.Build.0 = Release|Any CPU
	EndGlobalSection
	GlobalSection(SolutionProperties) = preSolution
		HideSolutionNode = FALSE
	EndGlobalSection
	GlobalSection(ExtensibilityGlobals) = postSolution
		SolutionGuid = {F8D3D517-0000-4FE4-9C01-DA418F148A54}
	EndGlobalSection
EndGlobal
